
Microsoft Visual Studio Solution File, Format Version 12.00
# Visual Studio Version 17
VisualStudioVersion = 17.2.32505.173
MinimumVisualStudioVersion = 10.0.40219.1
Project("{FAE04EC0-301F-11D3-BF4B-00C04F79EFBC}") = "MarvalMgmt.Web", "MarvalMgmt.Web\MarvalMgmt.Web.csproj", "{8F2184C9-0CA8-45CF-93BD-0B3EBB00E11B}"
EndProject
Global
	GlobalSection(SolutionConfigurationPlatforms) = preSolution
		Debug|Any CPU = Debug|Any CPU
		Release|Any CPU = Release|Any CPU
	EndGlobalSection
	GlobalSection(ProjectConfigurationPlatforms) = postSolution
		{8F2184C9-0CA8-45CF-93BD-0B3EBB00E11B}.Debug|Any CPU.ActiveCfg = Debug|Any CPU
		{8F2184C9-0CA8-45CF-93BD-0B3EBB00E11B}.Debug|Any CPU.Build.0 = Debug|Any CPU
		{8F2184C9-0CA8-45CF-93BD-0B3EBB00E11B}.Release|Any CPU.ActiveCfg = Release|Any CPU
		{8F2184C9-0CA8-45CF-93BD-0B3EBB00E11B}.Release|Any CPU.Build.0 = Release|Any CPU
	EndGlobalSection
	GlobalSection(SolutionProperties) = preSolution
		HideSolutionNode = FALSE
	EndGlobalSection
	GlobalSection(ExtensibilityGlobals) = postSolution
		SolutionGuid = {A2D2D52A-AA5E-4784-B1D3-2CB36BBF0B82}
	EndGlobalSection
EndGlobal
